// !$*UTF8*$!
{
	archiveVersion = 1;
	classes = {
	};
	objectVersion = 54;
	objects = {

/* Begin PBXBuildFile section */
		025F596ACD7C3DCEA1390FEA /* SharingService.swift in Sources */ = {isa = PBXBuildFile; fileRef = BAA11B50081E1958450C8B30 /* SharingService.swift */; };
		0360F9D0F400F4CB5104C167 /* PlaybackView.swift in Sources */ = {isa = PBXBuildFile; fileRef = 637D72D210C19B8502FDD810 /* PlaybackView.swift */; };
		05AD3B72A6B18E939F42E3EC /* RecordView.swift in Sources */ = {isa = PBXBuildFile; fileRef = 685171DB45E69143C88A89E8 /* RecordView.swift */; };
		0C3A49618D0A0624E762B4DD /* SmartCategorizationService.swift in Sources */ = {isa = PBXBuildFile; fileRef = BB0CCDE17DAC053C1CA6A09B /* SmartCategorizationService.swift */; };
		0DD89C6A3F7C3FDCEC4BE698 /* ContentView.swift in Sources */ = {isa = PBXBuildFile; fileRef = F9C26ECB05478C555E7069E7 /* ContentView.swift */; };
		24FFE2E2B1A6F570F0146086 /* SharedAlbumView.swift in Sources */ = {isa = PBXBuildFile; fileRef = 8A9F3C14E179958CF055E1E1 /* SharedAlbumView.swift */; };
		250F680BAA5452B4DDF003E0 /* Vision.framework in Frameworks */ = {isa = PBXBuildFile; fileRef = F864AA3EE824DE452C94E20C /* Vision.framework */; };
		3A83236052D33299A814BB0F /* UIKit.framework in Frameworks */ = {isa = PBXBuildFile; fileRef = 3DE73A178723CE0C926D3C12 /* UIKit.framework */; };
		51ED3E4E24A59133670FA2CF /* SettingsView.swift in Sources */ = {isa = PBXBuildFile; fileRef = 83610EEA0A6FC7342A09E06E /* SettingsView.swift */; };
		534B1A90C321C5073F9B6C44 /* AVKit.framework in Frameworks */ = {isa = PBXBuildFile; fileRef = 13EBBEF69DF0FA385D2C7A9B /* AVKit.framework */; };
		5625DF76C581CA98DF667456 /* AVFoundation.framework in Frameworks */ = {isa = PBXBuildFile; fileRef = DC61C046C607813C07572695 /* AVFoundation.framework */; };
		5954CB9E6D7CA49CFA596EF7 /* AIVisionService.swift in Sources */ = {isa = PBXBuildFile; fileRef = 56549B3A4E606E2A82A81AD8 /* AIVisionService.swift */; };
		5AA7DD5A57C516E7EA246066 /* Photos.framework in Frameworks */ = {isa = PBXBuildFile; fileRef = 2EC62DADCED9160992F5C908 /* Photos.framework */; };
		610D54EBF0E3177C8EF6C88B /* Assets.xcassets in Resources */ = {isa = PBXBuildFile; fileRef = 904AE99B338B9CB4A3594DDB /* Assets.xcassets */; };
		782AA593D0E629EEC7050965 /* CoreImage.framework in Frameworks */ = {isa = PBXBuildFile; fileRef = 82B6162A386D3308C54AD1A2 /* CoreImage.framework */; };
		8E0111C6713BAFFAD5212413 /* SwiftUI.framework in Frameworks */ = {isa = PBXBuildFile; fileRef = 262F592ECE28B50B123CA133 /* SwiftUI.framework */; };
		9FC461950DB64F1AA86FD7C2 /* MonthlyReelView.swift in Sources */ = {isa = PBXBuildFile; fileRef = 353EA2FC92D4ADD3E3CC7E90 /* MonthlyReelView.swift */; };
		AD3134A00A19621650D48045 /* CalendarView.swift in Sources */ = {isa = PBXBuildFile; fileRef = 5F80490EE1AAAF5F57A5A72D /* CalendarView.swift */; };
		E195D60D105F499BD389D299 /* MenuBarController.swift in Sources */ = {isa = PBXBuildFile; fileRef = 454B6ACABB0F149D3D31EB37 /* MenuBarController.swift */; };
		F2DA89F9B2A2B4BA3343BBFF /* Theme.swift in Sources */ = {isa = PBXBuildFile; fileRef = F6C0DB6EC796F5BFE1E1A673 /* Theme.swift */; };
		F3894131CC0909CE004B214D /* BlinkApp.swift in Sources */ = {isa = PBXBuildFile; fileRef = 5B35E5A25DF6DC6DDDAE26BA /* BlinkApp.swift */; };
		F406DD25A99A128D4C45BF71 /* VideoStore.swift in Sources */ = {isa = PBXBuildFile; fileRef = AECF380F2D771C4216370063 /* VideoStore.swift */; };
/* End PBXBuildFile section */

/* Begin PBXFileReference section */
		13EBBEF69DF0FA385D2C7A9B /* AVKit.framework */ = {isa = PBXFileReference; lastKnownFileType = wrapper.framework; name = AVKit.framework; path = System/Library/Frameworks/AVKit.framework; sourceTree = SDKROOT; };
		262F592ECE28B50B123CA133 /* SwiftUI.framework */ = {isa = PBXFileReference; lastKnownFileType = wrapper.framework; name = SwiftUI.framework; path = System/Library/Frameworks/SwiftUI.framework; sourceTree = SDKROOT; };
		2EC62DADCED9160992F5C908 /* Photos.framework */ = {isa = PBXFileReference; lastKnownFileType = wrapper.framework; name = Photos.framework; path = System/Library/Frameworks/Photos.framework; sourceTree = SDKROOT; };
		353EA2FC92D4ADD3E3CC7E90 /* MonthlyReelView.swift */ = {isa = PBXFileReference; lastKnownFileType = sourcecode.swift; path = MonthlyReelView.swift; sourceTree = "<group>"; };
		3DE73A178723CE0C926D3C12 /* UIKit.framework */ = {isa = PBXFileReference; lastKnownFileType = wrapper.framework; name = UIKit.framework; path = System/Library/Frameworks/UIKit.framework; sourceTree = SDKROOT; };
		454B6ACABB0F149D3D31EB37 /* MenuBarController.swift */ = {isa = PBXFileReference; lastKnownFileType = sourcecode.swift; path = MenuBarController.swift; sourceTree = "<group>"; };
		48431B2C296BDB92BF0BB93C /* Blink.app */ = {isa = PBXFileReference; includeInIndex = 0; lastKnownFileType = wrapper.application; path = Blink.app; sourceTree = BUILT_PRODUCTS_DIR; };
		56549B3A4E606E2A82A81AD8 /* AIVisionService.swift */ = {isa = PBXFileReference; lastKnownFileType = sourcecode.swift; path = AIVisionService.swift; sourceTree = "<group>"; };
		5B35E5A25DF6DC6DDDAE26BA /* BlinkApp.swift */ = {isa = PBXFileReference; lastKnownFileType = sourcecode.swift; path = BlinkApp.swift; sourceTree = "<group>"; };
		5F80490EE1AAAF5F57A5A72D /* CalendarView.swift */ = {isa = PBXFileReference; lastKnownFileType = sourcecode.swift; path = CalendarView.swift; sourceTree = "<group>"; };
		637D72D210C19B8502FDD810 /* PlaybackView.swift */ = {isa = PBXFileReference; lastKnownFileType = sourcecode.swift; path = PlaybackView.swift; sourceTree = "<group>"; };
		685171DB45E69143C88A89E8 /* RecordView.swift */ = {isa = PBXFileReference; lastKnownFileType = sourcecode.swift; path = RecordView.swift; sourceTree = "<group>"; };
		82B6162A386D3308C54AD1A2 /* CoreImage.framework */ = {isa = PBXFileReference; lastKnownFileType = wrapper.framework; name = CoreImage.framework; path = System/Library/Frameworks/CoreImage.framework; sourceTree = SDKROOT; };
		83610EEA0A6FC7342A09E06E /* SettingsView.swift */ = {isa = PBXFileReference; lastKnownFileType = sourcecode.swift; path = SettingsView.swift; sourceTree = "<group>"; };
		8A9F3C14E179958CF055E1E1 /* SharedAlbumView.swift */ = {isa = PBXFileReference; lastKnownFileType = sourcecode.swift; path = SharedAlbumView.swift; sourceTree = "<group>"; };
		904AE99B338B9CB4A3594DDB /* Assets.xcassets */ = {isa = PBXFileReference; lastKnownFileType = folder.assetcatalog; path = Assets.xcassets; sourceTree = "<group>"; };
		AECF380F2D771C4216370063 /* VideoStore.swift */ = {isa = PBXFileReference; lastKnownFileType = sourcecode.swift; path = VideoStore.swift; sourceTree = "<group>"; };
		BAA11B50081E1958450C8B30 /* SharingService.swift */ = {isa = PBXFileReference; lastKnownFileType = sourcecode.swift; path = SharingService.swift; sourceTree = "<group>"; };
		BB0CCDE17DAC053C1CA6A09B /* SmartCategorizationService.swift */ = {isa = PBXFileReference; lastKnownFileType = sourcecode.swift; path = SmartCategorizationService.swift; sourceTree = "<group>"; };
		DC61C046C607813C07572695 /* AVFoundation.framework */ = {isa = PBXFileReference; lastKnownFileType = wrapper.framework; name = AVFoundation.framework; path = System/Library/Frameworks/AVFoundation.framework; sourceTree = SDKROOT; };
		F6C0DB6EC796F5BFE1E1A673 /* Theme.swift */ = {isa = PBXFileReference; lastKnownFileType = sourcecode.swift; path = Theme.swift; sourceTree = "<group>"; };
		F864AA3EE824DE452C94E20C /* Vision.framework */ = {isa = PBXFileReference; lastKnownFileType = wrapper.framework; name = Vision.framework; path = System/Library/Frameworks/Vision.framework; sourceTree = SDKROOT; };
		F9C26ECB05478C555E7069E7 /* ContentView.swift */ = {isa = PBXFileReference; lastKnownFileType = sourcecode.swift; path = ContentView.swift; sourceTree = "<group>"; };
/* End PBXFileReference section */

/* Begin PBXFrameworksBuildPhase section */
		902983FE17424CC10818E8EA /* Frameworks */ = {
			isa = PBXFrameworksBuildPhase;
			buildActionMask = 2147483647;
			files = (
				5625DF76C581CA98DF667456 /* AVFoundation.framework in Frameworks */,
				3A83236052D33299A814BB0F /* UIKit.framework in Frameworks */,
				8E0111C6713BAFFAD5212413 /* SwiftUI.framework in Frameworks */,
				534B1A90C321C5073F9B6C44 /* AVKit.framework in Frameworks */,
				250F680BAA5452B4DDF003E0 /* Vision.framework in Frameworks */,
				782AA593D0E629EEC7050965 /* CoreImage.framework in Frameworks */,
				5AA7DD5A57C516E7EA246066 /* Photos.framework in Frameworks */,
			);
			runOnlyForDeploymentPostprocessing = 0;
		};
/* End PBXFrameworksBuildPhase section */

/* Begin PBXGroup section */
		0BB0C5A2989EBC8CD1DD30CF /* Frameworks */ = {
			isa = PBXGroup;
			children = (
				DC61C046C607813C07572695 /* AVFoundation.framework */,
				13EBBEF69DF0FA385D2C7A9B /* AVKit.framework */,
				82B6162A386D3308C54AD1A2 /* CoreImage.framework */,
				2EC62DADCED9160992F5C908 /* Photos.framework */,
				262F592ECE28B50B123CA133 /* SwiftUI.framework */,
				3DE73A178723CE0C926D3C12 /* UIKit.framework */,
				F864AA3EE824DE452C94E20C /* Vision.framework */,
			);
			name = Frameworks;
			sourceTree = "<group>";
		};
		3FDB09EAD3A96843B3DC2D55 /* Resources */ = {
			isa = PBXGroup;
			children = (
				904AE99B338B9CB4A3594DDB /* Assets.xcassets */,
			);
			path = Resources;
			sourceTree = "<group>";
		};
		615B80A6D82C3715F1AEC0D8 /* Services */ = {
			isa = PBXGroup;
			children = (
				56549B3A4E606E2A82A81AD8 /* AIVisionService.swift */,
				BAA11B50081E1958450C8B30 /* SharingService.swift */,
				BB0CCDE17DAC053C1CA6A09B /* SmartCategorizationService.swift */,
			);
			path = Services;
			sourceTree = "<group>";
		};
		B23DD3B5EFB562B7C2FAEE85 = {
			isa = PBXGroup;
			children = (
				3FDB09EAD3A96843B3DC2D55 /* Resources */,
				DDB0A317B6EED499480840AF /* Sources */,
				0BB0C5A2989EBC8CD1DD30CF /* Frameworks */,
				E370FA75E2B9CA960A6CB41D /* Products */,
			);
			sourceTree = "<group>";
		};
		DDB0A317B6EED499480840AF /* Sources */ = {
			isa = PBXGroup;
			children = (
				5B35E5A25DF6DC6DDDAE26BA /* BlinkApp.swift */,
				5F80490EE1AAAF5F57A5A72D /* CalendarView.swift */,
				F9C26ECB05478C555E7069E7 /* ContentView.swift */,
				454B6ACABB0F149D3D31EB37 /* MenuBarController.swift */,
				353EA2FC92D4ADD3E3CC7E90 /* MonthlyReelView.swift */,
				637D72D210C19B8502FDD810 /* PlaybackView.swift */,
				685171DB45E69143C88A89E8 /* RecordView.swift */,
				83610EEA0A6FC7342A09E06E /* SettingsView.swift */,
				8A9F3C14E179958CF055E1E1 /* SharedAlbumView.swift */,
				F6C0DB6EC796F5BFE1E1A673 /* Theme.swift */,
				AECF380F2D771C4216370063 /* VideoStore.swift */,
				615B80A6D82C3715F1AEC0D8 /* Services */,
			);
			path = Sources;
			sourceTree = "<group>";
		};
		E370FA75E2B9CA960A6CB41D /* Products */ = {
			isa = PBXGroup;
			children = (
				48431B2C296BDB92BF0BB93C /* Blink.app */,
			);
			name = Products;
			sourceTree = "<group>";
		};
/* End PBXGroup section */

/* Begin PBXNativeTarget section */
		4F7B28CBF14815045A9B7C0C /* Blink */ = {
			isa = PBXNativeTarget;
			buildConfigurationList = 9CDF5C024DE739BC28A35BFC /* Build configuration list for PBXNativeTarget "Blink" */;
			buildPhases = (
				220E4869925F21CE047FE660 /* Sources */,
				07E93D54A8EE5A9D8BE83B8D /* Resources */,
				902983FE17424CC10818E8EA /* Frameworks */,
			);
			buildRules = (
			);
			dependencies = (
			);
			name = Blink;
			productName = Blink;
			productReference = 48431B2C296BDB92BF0BB93C /* Blink.app */;
			productType = "com.apple.product-type.application";
		};
/* End PBXNativeTarget section */

/* Begin PBXProject section */
		5F716E18902DA7ABF2287DDD /* Project object */ = {
			isa = PBXProject;
			attributes = {
				BuildIndependentTargetsInParallel = YES;
				LastUpgradeCheck = 1600;
				TargetAttributes = {
				};
			};
			buildConfigurationList = 114EF5ED8BC9EE1BB0FAB30B /* Build configuration list for PBXProject "Blink" */;
			compatibilityVersion = "Xcode 14.0";
			developmentRegion = en;
			hasScannedForEncodings = 0;
			knownRegions = (
				Base,
				en,
			);
			mainGroup = B23DD3B5EFB562B7C2FAEE85;
			projectDirPath = "";
			projectRoot = "";
			targets = (
				4F7B28CBF14815045A9B7C0C /* Blink */,
			);
		};
/* End PBXProject section */

/* Begin PBXResourcesBuildPhase section */
		07E93D54A8EE5A9D8BE83B8D /* Resources */ = {
			isa = PBXResourcesBuildPhase;
			buildActionMask = 2147483647;
			files = (
				610D54EBF0E3177C8EF6C88B /* Assets.xcassets in Resources */,
			);
			runOnlyForDeploymentPostprocessing = 0;
		};
/* End PBXResourcesBuildPhase section */

/* Begin PBXSourcesBuildPhase section */
		220E4869925F21CE047FE660 /* Sources */ = {
			isa = PBXSourcesBuildPhase;
			buildActionMask = 2147483647;
			files = (
				5954CB9E6D7CA49CFA596EF7 /* AIVisionService.swift in Sources */,
				F3894131CC0909CE004B214D /* BlinkApp.swift in Sources */,
				AD3134A00A19621650D48045 /* CalendarView.swift in Sources */,
				0DD89C6A3F7C3FDCEC4BE698 /* ContentView.swift in Sources */,
				E195D60D105F499BD389D299 /* MenuBarController.swift in Sources */,
				9FC461950DB64F1AA86FD7C2 /* MonthlyReelView.swift in Sources */,
				0360F9D0F400F4CB5104C167 /* PlaybackView.swift in Sources */,
				05AD3B72A6B18E939F42E3EC /* RecordView.swift in Sources */,
				51ED3E4E24A59133670FA2CF /* SettingsView.swift in Sources */,
				24FFE2E2B1A6F570F0146086 /* SharedAlbumView.swift in Sources */,
				025F596ACD7C3DCEA1390FEA /* SharingService.swift in Sources */,
				0C3A49618D0A0624E762B4DD /* SmartCategorizationService.swift in Sources */,
				F2DA89F9B2A2B4BA3343BBFF /* Theme.swift in Sources */,
				F406DD25A99A128D4C45BF71 /* VideoStore.swift in Sources */,
			);
			runOnlyForDeploymentPostprocessing = 0;
		};
/* End PBXSourcesBuildPhase section */

/* Begin XCBuildConfiguration section */
		01A119BFF1E989B0A233C246 /* Release */ = {
			isa = XCBuildConfiguration;
			buildSettings = {
				ALWAYS_SEARCH_USER_PATHS = NO;
				CLANG_ANALYZER_NONNULL = YES;
				CLANG_ANALYZER_NUMBER_OBJECT_CONVERSION = YES_AGGRESSIVE;
				CLANG_CXX_LANGUAGE_STANDARD = "gnu++14";
				CLANG_CXX_LIBRARY = "libc++";
				CLANG_ENABLE_MODULES = YES;
				CLANG_ENABLE_OBJC_ARC = YES;
				CLANG_ENABLE_OBJC_WEAK = YES;
				CLANG_WARN_BLOCK_CAPTURE_AUTORELEASING = YES;
				CLANG_WARN_BOOL_CONVERSION = YES;
				CLANG_WARN_COMMA = YES;
				CLANG_WARN_CONSTANT_CONVERSION = YES;
				CLANG_WARN_DEPRECATED_OBJC_IMPLEMENTATIONS = YES;
				CLANG_WARN_DIRECT_OBJC_ISA_USAGE = YES_ERROR;
				CLANG_WARN_DOCUMENTATION_COMMENTS = YES;
				CLANG_WARN_EMPTY_BODY = YES;
				CLANG_WARN_ENUM_CONVERSION = YES;
				CLANG_WARN_INFINITE_RECURSION = YES;
				CLANG_WARN_INT_CONVERSION = YES;
				CLANG_WARN_NON_LITERAL_NULL_CONVERSION = YES;
				CLANG_WARN_OBJC_IMPLICIT_RETAIN_SELF = YES;
				CLANG_WARN_OBJC_LITERAL_CONVERSION = YES;
				CLANG_WARN_OBJC_ROOT_CLASS = YES_ERROR;
				CLANG_WARN_QUOTED_INCLUDE_IN_FRAMEWORK_HEADER = YES;
				CLANG_WARN_RANGE_LOOP_ANALYSIS = YES;
				CLANG_WARN_STRICT_PROTOTYPES = YES;
				CLANG_WARN_SUSPICIOUS_MOVE = YES;
				CLANG_WARN_UNGUARDED_AVAILABILITY = YES_AGGRESSIVE;
				CLANG_WARN_UNREACHABLE_CODE = YES;
				CLANG_WARN__DUPLICATE_METHOD_MATCH = YES;
				COPY_PHASE_STRIP = NO;
				DEBUG_INFORMATION_FORMAT = "dwarf-with-dsym";
				ENABLE_NS_ASSERTIONS = NO;
				ENABLE_STRICT_OBJC_MSGSEND = YES;
				GCC_C_LANGUAGE_STANDARD = gnu11;
				GCC_NO_COMMON_BLOCKS = YES;
				GCC_WARN_64_TO_32_BIT_CONVERSION = YES;
				GCC_WARN_ABOUT_RETURN_TYPE = YES_ERROR;
				GCC_WARN_UNDECLARED_SELECTOR = YES;
				GCC_WARN_UNINITIALIZED_AUTOS = YES_AGGRESSIVE;
				GCC_WARN_UNUSED_FUNCTION = YES;
				GCC_WARN_UNUSED_VARIABLE = YES;
				IPHONEOS_DEPLOYMENT_TARGET = 26.0;
				MTL_ENABLE_DEBUG_INFO = NO;
				MTL_FAST_MATH = YES;
				PRODUCT_NAME = "$(TARGET_NAME)";
				SDKROOT = iphoneos;
				SWIFT_COMPILATION_MODE = wholemodule;
				SWIFT_OPTIMIZATION_LEVEL = "-O";
				SWIFT_VERSION = 5.0;
			};
			name = Release;
		};
		ACFF4EBC46D010A5CFBCEBF5 /* Debug */ = {
			isa = XCBuildConfiguration;
			buildSettings = {
				ALWAYS_SEARCH_USER_PATHS = NO;
				CLANG_ANALYZER_NONNULL = YES;
				CLANG_ANALYZER_NUMBER_OBJECT_CONVERSION = YES_AGGRESSIVE;
				CLANG_CXX_LANGUAGE_STANDARD = "gnu++14";
				CLANG_CXX_LIBRARY = "libc++";
				CLANG_ENABLE_MODULES = YES;
				CLANG_ENABLE_OBJC_ARC = YES;
				CLANG_ENABLE_OBJC_WEAK = YES;
				CLANG_WARN_BLOCK_CAPTURE_AUTORELEASING = YES;
				CLANG_WARN_BOOL_CONVERSION = YES;
				CLANG_WARN_COMMA = YES;
				CLANG_WARN_CONSTANT_CONVERSION = YES;
				CLANG_WARN_DEPRECATED_OBJC_IMPLEMENTATIONS = YES;
				CLANG_WARN_DIRECT_OBJC_ISA_USAGE = YES_ERROR;
				CLANG_WARN_DOCUMENTATION_COMMENTS = YES;
				CLANG_WARN_EMPTY_BODY = YES;
				CLANG_WARN_ENUM_CONVERSION = YES;
				CLANG_WARN_INFINITE_RECURSION = YES;
				CLANG_WARN_INT_CONVERSION = YES;
				CLANG_WARN_NON_LITERAL_NULL_CONVERSION = YES;
				CLANG_WARN_OBJC_IMPLICIT_RETAIN_SELF = YES;
				CLANG_WARN_OBJC_LITERAL_CONVERSION = YES;
				CLANG_WARN_OBJC_ROOT_CLASS = YES_ERROR;
				CLANG_WARN_QUOTED_INCLUDE_IN_FRAMEWORK_HEADER = YES;
				CLANG_WARN_RANGE_LOOP_ANALYSIS = YES;
				CLANG_WARN_STRICT_PROTOTYPES = YES;
				CLANG_WARN_SUSPICIOUS_MOVE = YES;
				CLANG_WARN_UNGUARDED_AVAILABILITY = YES_AGGRESSIVE;
				CLANG_WARN_UNREACHABLE_CODE = YES;
				CLANG_WARN__DUPLICATE_METHOD_MATCH = YES;
				COPY_PHASE_STRIP = NO;
				DEBUG_INFORMATION_FORMAT = dwarf;
				ENABLE_STRICT_OBJC_MSGSEND = YES;
				ENABLE_TESTABILITY = YES;
				GCC_C_LANGUAGE_STANDARD = gnu11;
				GCC_DYNAMIC_NO_PIC = NO;
				GCC_NO_COMMON_BLOCKS = YES;
				GCC_OPTIMIZATION_LEVEL = 0;
				GCC_PREPROCESSOR_DEFINITIONS = (
					"$(inherited)",
					"DEBUG=1",
				);
				GCC_WARN_64_TO_32_BIT_CONVERSION = YES;
				GCC_WARN_ABOUT_RETURN_TYPE = YES_ERROR;
				GCC_WARN_UNDECLARED_SELECTOR = YES;
				GCC_WARN_UNINITIALIZED_AUTOS = YES_AGGRESSIVE;
				GCC_WARN_UNUSED_FUNCTION = YES;
				GCC_WARN_UNUSED_VARIABLE = YES;
				IPHONEOS_DEPLOYMENT_TARGET = 26.0;
				MTL_ENABLE_DEBUG_INFO = INCLUDE_SOURCE;
				MTL_FAST_MATH = YES;
				ONLY_ACTIVE_ARCH = YES;
				PRODUCT_NAME = "$(TARGET_NAME)";
				SDKROOT = iphoneos;
				SWIFT_ACTIVE_COMPILATION_CONDITIONS = DEBUG;
				SWIFT_OPTIMIZATION_LEVEL = "-Onone";
				SWIFT_VERSION = 5.0;
			};
			name = Debug;
		};
		AEA610DE59472AAECC971BAC /* Debug */ = {
			isa = XCBuildConfiguration;
			buildSettings = {
				ASSETCATALOG_COMPILER_APPICON_NAME = AppIcon;
				CODE_SIGNING_ALLOWED = NO;
				CODE_SIGNING_REQUIRED = NO;
				CODE_SIGN_IDENTITY = "-";
				CURRENT_PROJECT_VERSION = 1;
				ENABLE_PREVIEWS = YES;
				GENERATE_INFOPLIST_FILE = YES;
				IPHONEOS_DEPLOYMENT_TARGET = 26.0;
				LD_RUNPATH_SEARCH_PATHS = (
					"$(inherited)",
					"@executable_path/Frameworks",
				);
				MARKETING_VERSION = 1.0.0;
				PRODUCT_BUNDLE_IDENTIFIER = com.blink.ios;
				SDKROOT = iphoneos;
				SWIFT_VERSION = 6.0;
				TARGETED_DEVICE_FAMILY = "1,2";
			};
			name = Debug;
		};
		F31BE749247DCA686B22646D /* Release */ = {
			isa = XCBuildConfiguration;
			buildSettings = {
				ASSETCATALOG_COMPILER_APPICON_NAME = AppIcon;
				CODE_SIGNING_ALLOWED = NO;
				CODE_SIGNING_REQUIRED = NO;
				CODE_SIGN_IDENTITY = "-";
				CURRENT_PROJECT_VERSION = 1;
				ENABLE_PREVIEWS = YES;
				GENERATE_INFOPLIST_FILE = YES;
				IPHONEOS_DEPLOYMENT_TARGET = 26.0;
				LD_RUNPATH_SEARCH_PATHS = (
					"$(inherited)",
					"@executable_path/Frameworks",
				);
				MARKETING_VERSION = 1.0.0;
				PRODUCT_BUNDLE_IDENTIFIER = com.blink.ios;
				SDKROOT = iphoneos;
				SWIFT_VERSION = 6.0;
				TARGETED_DEVICE_FAMILY = "1,2";
			};
			name = Release;
		};
/* End XCBuildConfiguration section */

/* Begin XCConfigurationList section */
		114EF5ED8BC9EE1BB0FAB30B /* Build configuration list for PBXProject "Blink" */ = {
			isa = XCConfigurationList;
			buildConfigurations = (
				ACFF4EBC46D010A5CFBCEBF5 /* Debug */,
				01A119BFF1E989B0A233C246 /* Release */,
			);
			defaultConfigurationIsVisible = 0;
			defaultConfigurationName = Debug;
		};
		9CDF5C024DE739BC28A35BFC /* Build configuration list for PBXNativeTarget "Blink" */ = {
			isa = XCConfigurationList;
			buildConfigurations = (
				AEA610DE59472AAECC971BAC /* Debug */,
				F31BE749247DCA686B22646D /* Release */,
			);
			defaultConfigurationIsVisible = 0;
			defaultConfigurationName = Debug;
		};
/* End XCConfigurationList section */
	};
	rootObject = 5F716E18902DA7ABF2287DDD /* Project object */;
}
